
Microsoft Visual Studio Solution File, Format Version 11.00
# Visual Studio 2010
Project("{FAE04EC0-301F-11D3-BF4B-00C04F79EFBC}") = "ContentManagerMVC", "ContentManagerMVC\ContentManagerMVC.csproj", "{193CD0D2-8737-4DBC-9DC7-EA6479966F44}"
EndProject
Project("{2150E333-8FDC-42A3-9474-1A3956D46DE8}") = "Solution Items", "Solution Items", "{C0D2884B-CD90-4B3D-B628-5CD6698039DC}"
	ProjectSection(SolutionItems) = preProject
		ContentManagerMVC.vsmdi = ContentManagerMVC.vsmdi
		Local.testsettings = Local.testsettings
		TraceAndTestImpact.testsettings = TraceAndTestImpact.testsettings
	EndProjectSection
EndProject
Global
	GlobalSection(TestCaseManagementSettings) = postSolution
		CategoryFile = ContentManagerMVC.vsmdi
	EndGlobalSection
	GlobalSection(SolutionConfigurationPlatforms) = preSolution
		Debug|Any CPU = Debug|Any CPU
		Release|Any CPU = Release|Any CPU
	EndGlobalSection
	GlobalSection(ProjectConfigurationPlatforms) = postSolution
		{193CD0D2-8737-4DBC-9DC7-EA6479966F44}.Debug|Any CPU.ActiveCfg = Debug|Any CPU
		{193CD0D2-8737-4DBC-9DC7-EA6479966F44}.Debug|Any CPU.Build.0 = Debug|Any CPU
		{193CD0D2-8737-4DBC-9DC7-EA6479966F44}.Release|Any CPU.ActiveCfg = Release|Any CPU
		{193CD0D2-8737-4DBC-9DC7-EA6479966F44}.Release|Any CPU.Build.0 = Release|Any CPU
	EndGlobalSection
	GlobalSection(SolutionProperties) = preSolution
		HideSolutionNode = FALSE
	EndGlobalSection
EndGlobal
